
Microsoft Visual Studio Solution File, Format Version 12.00
# Visual Studio Version 17
VisualStudioVersion = 17.0.31903.59
MinimumVisualStudioVersion = 10.0.40219.1
Project("{FAE04EC0-301F-11D3-BF4B-00C04F79EFBC}") = "TextGateKeeper", "TextGateKeeper\TextGateKeeper.csproj", "{196CA186-AA03-40D4-B89D-4ABDF06E4ED5}"
EndProject
Project("{FAE04EC0-301F-11D3-BF4B-00C04F79EFBC}") = "TextGateKeeper.Tests", "TextGateKeeper.Tests\TextGateKeeper.Tests.csproj", "{284E8EAB-58AB-4437-AE2E-E7914E6B1449}"
EndProject
Project("{FAE04EC0-301F-11D3-BF4B-00C04F79EFBC}") = "TextGateKeeper.Worker", "TextGateKeeper.Worker\TextGateKeeper.Worker.csproj", "{4249E99F-84A8-48AC-A541-0708EBEF3002}"
EndProject
Global
	GlobalSection(SolutionConfigurationPlatforms) = preSolution
		Debug|Any CPU = Debug|Any CPU
		Release|Any CPU = Release|Any CPU
	EndGlobalSection
	GlobalSection(SolutionProperties) = preSolution
		HideSolutionNode = FALSE
	EndGlobalSection
	GlobalSection(ProjectConfigurationPlatforms) = postSolution
		{196CA186-AA03-40D4-B89D-4ABDF06E4ED5}.Debug|Any CPU.ActiveCfg = Debug|Any CPU
		{196CA186-AA03-40D4-B89D-4ABDF06E4ED5}.Debug|Any CPU.Build.0 = Debug|Any CPU
		{196CA186-AA03-40D4-B89D-4ABDF06E4ED5}.Release|Any CPU.ActiveCfg = Release|Any CPU
		{196CA186-AA03-40D4-B89D-4ABDF06E4ED5}.Release|Any CPU.Build.0 = Release|Any CPU
		{284E8EAB-58AB-4437-AE2E-E7914E6B1449}.Debug|Any CPU.ActiveCfg = Debug|Any CPU
		{284E8EAB-58AB-4437-AE2E-E7914E6B1449}.Debug|Any CPU.Build.0 = Debug|Any CPU
		{284E8EAB-58AB-4437-AE2E-E7914E6B1449}.Release|Any CPU.ActiveCfg = Release|Any CPU
		{284E8EAB-58AB-4437-AE2E-E7914E6B1449}.Release|Any CPU.Build.0 = Release|Any CPU
		{4249E99F-84A8-48AC-A541-0708EBEF3002}.Debug|Any CPU.ActiveCfg = Debug|Any CPU
		{4249E99F-84A8-48AC-A541-0708EBEF3002}.Debug|Any CPU.Build.0 = Debug|Any CPU
		{4249E99F-84A8-48AC-A541-0708EBEF3002}.Release|Any CPU.ActiveCfg = Release|Any CPU
		{4249E99F-84A8-48AC-A541-0708EBEF3002}.Release|Any CPU.Build.0 = Release|Any CPU
	EndGlobalSection
EndGlobal
